
Microsoft Visual Studio Solution File, Format Version 12.00
# Visual Studio Version 16
VisualStudioVersion = 16.0.31205.134
MinimumVisualStudioVersion = 10.0.40219.1
Project("{9A19103F-16F7-4668-BE54-9A1E7A4F7556}") = "ApiUser", "ApiUser.csproj", "{EAA5275D-72C5-43DF-B382-8C76A4E65003}"
EndProject
Project("{FAE04EC0-301F-11D3-BF4B-00C04F79EFBC}") = "ApiUserTest", "..\ApiUserTest\ApiUserTest.csproj", "{FD4E19A0-A49F-481D-B53D-749E08FFA521}"
EndProject
Global
	GlobalSection(SolutionConfigurationPlatforms) = preSolution
		Debug|Any CPU = Debug|Any CPU
		Release|Any CPU = Release|Any CPU
	EndGlobalSection
	GlobalSection(ProjectConfigurationPlatforms) = postSolution
		{EAA5275D-72C5-43DF-B382-8C76A4E65003}.Debug|Any CPU.ActiveCfg = Debug|Any CPU
		{EAA5275D-72C5-43DF-B382-8C76A4E65003}.Debug|Any CPU.Build.0 = Debug|Any CPU
		{EAA5275D-72C5-43DF-B382-8C76A4E65003}.Release|Any CPU.ActiveCfg = Release|Any CPU
		{EAA5275D-72C5-43DF-B382-8C76A4E65003}.Release|Any CPU.Build.0 = Release|Any CPU
		{FD4E19A0-A49F-481D-B53D-749E08FFA521}.Debug|Any CPU.ActiveCfg = Debug|Any CPU
		{FD4E19A0-A49F-481D-B53D-749E08FFA521}.Debug|Any CPU.Build.0 = Debug|Any CPU
		{FD4E19A0-A49F-481D-B53D-749E08FFA521}.Release|Any CPU.ActiveCfg = Release|Any CPU
		{FD4E19A0-A49F-481D-B53D-749E08FFA521}.Release|Any CPU.Build.0 = Release|Any CPU
	EndGlobalSection
	GlobalSection(SolutionProperties) = preSolution
		HideSolutionNode = FALSE
	EndGlobalSection
	GlobalSection(ExtensibilityGlobals) = postSolution
		SolutionGuid = {EDF2EF10-2E37-429C-BD9B-2A64727AA454}
	EndGlobalSection
EndGlobal
